// !$*UTF8*$!
{
	archiveVersion = 1;
	classes = {
	};
	objectVersion = 46;
	objects = {

/* Begin PBXBuildFile section */
		4B894BB11DF0FF1A00FF447D /* Game.cpp in Sources */ = {isa = PBXBuildFile; fileRef = 4B894BAF1DF0FF1A00FF447D /* Game.cpp */; };
		4B894BB41DF0FF2A00FF447D /* Blackjack.cpp in Sources */ = {isa = PBXBuildFile; fileRef = 4B894BB21DF0FF2A00FF447D /* Blackjack.cpp */; };
		4B894BB71DF0FF4E00FF447D /* TexasHoldEm.cpp in Sources */ = {isa = PBXBuildFile; fileRef = 4B894BB51DF0FF4E00FF447D /* TexasHoldEm.cpp */; };
		4B8F57AD1DDD6B240003520D /* Card.cpp in Sources */ = {isa = PBXBuildFile; fileRef = 4B8F57AB1DDD6B240003520D /* Card.cpp */; };
		4B8F57B01DDD6B510003520D /* Deck.cpp in Sources */ = {isa = PBXBuildFile; fileRef = 4B8F57AE1DDD6B510003520D /* Deck.cpp */; };
		4B8F57B31DDD6B5E0003520D /* User.cpp in Sources */ = {isa = PBXBuildFile; fileRef = 4B8F57B11DDD6B5E0003520D /* User.cpp */; };
		4B8F57B61DDD6B700003520D /* CPU.cpp in Sources */ = {isa = PBXBuildFile; fileRef = 4B8F57B41DDD6B700003520D /* CPU.cpp */; };
		4B901BD31DDBC92200A3500C /* main.cpp in Sources */ = {isa = PBXBuildFile; fileRef = 4B901BD21DDBC92200A3500C /* main.cpp */; };
/* End PBXBuildFile section */

/* Begin PBXCopyFilesBuildPhase section */
		4B901BCD1DDBC92100A3500C /* CopyFiles */ = {
			isa = PBXCopyFilesBuildPhase;
			buildActionMask = 2147483647;
			dstPath = /usr/share/man/man1/;
			dstSubfolderSpec = 0;
			files = (
			);
			runOnlyForDeploymentPostprocessing = 1;
		};
/* End PBXCopyFilesBuildPhase section */

/* Begin PBXFileReference section */
		4B894BAF1DF0FF1A00FF447D /* Game.cpp */ = {isa = PBXFileReference; fileEncoding = 4; lastKnownFileType = sourcecode.cpp.cpp; path = Game.cpp; sourceTree = "<group>"; };
		4B894BB01DF0FF1A00FF447D /* Game.hpp */ = {isa = PBXFileReference; fileEncoding = 4; lastKnownFileType = sourcecode.cpp.h; path = Game.hpp; sourceTree = "<group>"; };
		4B894BB21DF0FF2A00FF447D /* Blackjack.cpp */ = {isa = PBXFileReference; fileEncoding = 4; lastKnownFileType = sourcecode.cpp.cpp; path = Blackjack.cpp; sourceTree = "<group>"; };
		4B894BB31DF0FF2A00FF447D /* Blackjack.hpp */ = {isa = PBXFileReference; fileEncoding = 4; lastKnownFileType = sourcecode.cpp.h; path = Blackjack.hpp; sourceTree = "<group>"; };
		4B894BB51DF0FF4E00FF447D /* TexasHoldEm.cpp */ = {isa = PBXFileReference; fileEncoding = 4; lastKnownFileType = sourcecode.cpp.cpp; path = TexasHoldEm.cpp; sourceTree = "<group>"; };
		4B894BB61DF0FF4E00FF447D /* TexasHoldEm.hpp */ = {isa = PBXFileReference; fileEncoding = 4; lastKnownFileType = sourcecode.cpp.h; path = TexasHoldEm.hpp; sourceTree = "<group>"; };
		4B8F57AB1DDD6B240003520D /* Card.cpp */ = {isa = PBXFileReference; fileEncoding = 4; lastKnownFileType = sourcecode.cpp.cpp; path = Card.cpp; sourceTree = "<group>"; };
		4B8F57AC1DDD6B240003520D /* Card.hpp */ = {isa = PBXFileReference; fileEncoding = 4; lastKnownFileType = sourcecode.cpp.h; path = Card.hpp; sourceTree = "<group>"; };
		4B8F57AE1DDD6B510003520D /* Deck.cpp */ = {isa = PBXFileReference; fileEncoding = 4; lastKnownFileType = sourcecode.cpp.cpp; path = Deck.cpp; sourceTree = "<group>"; };
		4B8F57AF1DDD6B510003520D /* Deck.hpp */ = {isa = PBXFileReference; fileEncoding = 4; lastKnownFileType = sourcecode.cpp.h; path = Deck.hpp; sourceTree = "<group>"; };
		4B8F57B11DDD6B5E0003520D /* User.cpp */ = {isa = PBXFileReference; fileEncoding = 4; lastKnownFileType = sourcecode.cpp.cpp; path = User.cpp; sourceTree = "<group>"; };
		4B8F57B21DDD6B5E0003520D /* User.hpp */ = {isa = PBXFileReference; fileEncoding = 4; lastKnownFileType = sourcecode.cpp.h; path = User.hpp; sourceTree = "<group>"; };
		4B8F57B41DDD6B700003520D /* CPU.cpp */ = {isa = PBXFileReference; fileEncoding = 4; lastKnownFileType = sourcecode.cpp.cpp; path = CPU.cpp; sourceTree = "<group>"; };
		4B8F57B51DDD6B700003520D /* CPU.hpp */ = {isa = PBXFileReference; fileEncoding = 4; lastKnownFileType = sourcecode.cpp.h; path = CPU.hpp; sourceTree = "<group>"; };
		4B901BCF1DDBC92100A3500C /* Final Project */ = {isa = PBXFileReference; explicitFileType = "compiled.mach-o.executable"; includeInIndex = 0; path = "Final Project"; sourceTree = BUILT_PRODUCTS_DIR; };
		4B901BD21DDBC92200A3500C /* main.cpp */ = {isa = PBXFileReference; lastKnownFileType = sourcecode.cpp.cpp; path = main.cpp; sourceTree = "<group>"; };
/* End PBXFileReference section */

/* Begin PBXFrameworksBuildPhase section */
		4B901BCC1DDBC92100A3500C /* Frameworks */ = {
			isa = PBXFrameworksBuildPhase;
			buildActionMask = 2147483647;
			files = (
			);
			runOnlyForDeploymentPostprocessing = 0;
		};
/* End PBXFrameworksBuildPhase section */

/* Begin PBXGroup section */
		4B901BC61DDBC92000A3500C = {
			isa = PBXGroup;
			children = (
				4B901BD11DDBC92100A3500C /* Final Project */,
				4B901BD01DDBC92100A3500C /* Products */,
			);
			sourceTree = "<group>";
		};
		4B901BD01DDBC92100A3500C /* Products */ = {
			isa = PBXGroup;
			children = (
				4B901BCF1DDBC92100A3500C /* Final Project */,
			);
			name = Products;
			sourceTree = "<group>";
		};
		4B901BD11DDBC92100A3500C /* Final Project */ = {
			isa = PBXGroup;
			children = (
				4B901BD21DDBC92200A3500C /* main.cpp */,
				4B8F57AB1DDD6B240003520D /* Card.cpp */,
				4B8F57AC1DDD6B240003520D /* Card.hpp */,
				4B8F57AE1DDD6B510003520D /* Deck.cpp */,
				4B8F57AF1DDD6B510003520D /* Deck.hpp */,
				4B8F57B11DDD6B5E0003520D /* User.cpp */,
				4B8F57B21DDD6B5E0003520D /* User.hpp */,
				4B8F57B41DDD6B700003520D /* CPU.cpp */,
				4B8F57B51DDD6B700003520D /* CPU.hpp */,
				4B894BAF1DF0FF1A00FF447D /* Game.cpp */,
				4B894BB01DF0FF1A00FF447D /* Game.hpp */,
				4B894BB21DF0FF2A00FF447D /* Blackjack.cpp */,
				4B894BB31DF0FF2A00FF447D /* Blackjack.hpp */,
				4B894BB51DF0FF4E00FF447D /* TexasHoldEm.cpp */,
				4B894BB61DF0FF4E00FF447D /* TexasHoldEm.hpp */,
			);
			path = "Final Project";
			sourceTree = "<group>";
		};
/* End PBXGroup section */

/* Begin PBXNativeTarget section */
		4B901BCE1DDBC92100A3500C /* Final Project */ = {
			isa = PBXNativeTarget;
			buildConfigurationList = 4B901BD61DDBC92200A3500C /* Build configuration list for PBXNativeTarget "Final Project" */;
			buildPhases = (
				4B901BCB1DDBC92100A3500C /* Sources */,
				4B901BCC1DDBC92100A3500C /* Frameworks */,
				4B901BCD1DDBC92100A3500C /* CopyFiles */,
			);
			buildRules = (
			);
			dependencies = (
			);
			name = "Final Project";
			productName = "Final Project";
			productReference = 4B901BCF1DDBC92100A3500C /* Final Project */;
			productType = "com.apple.product-type.tool";
		};
/* End PBXNativeTarget section */

/* Begin PBXProject section */
		4B901BC71DDBC92100A3500C /* Project object */ = {
			isa = PBXProject;
			attributes = {
				LastUpgradeCheck = 0810;
				ORGANIZATIONNAME = "Steven Mumford";
				TargetAttributes = {
					4B901BCE1DDBC92100A3500C = {
						CreatedOnToolsVersion = 8.1;
						ProvisioningStyle = Automatic;
					};
				};
			};
			buildConfigurationList = 4B901BCA1DDBC92100A3500C /* Build configuration list for PBXProject "Final Project" */;
			compatibilityVersion = "Xcode 3.2";
			developmentRegion = English;
			hasScannedForEncodings = 0;
			knownRegions = (
				en,
			);
			mainGroup = 4B901BC61DDBC92000A3500C;
			productRefGroup = 4B901BD01DDBC92100A3500C /* Products */;
			projectDirPath = "";
			projectRoot = "";
			targets = (
				4B901BCE1DDBC92100A3500C /* Final Project */,
			);
		};
/* End PBXProject section */

/* Begin PBXSourcesBuildPhase section */
		4B901BCB1DDBC92100A3500C /* Sources */ = {
			isa = PBXSourcesBuildPhase;
			buildActionMask = 2147483647;
			files = (
				4B8F57B31DDD6B5E0003520D /* User.cpp in Sources */,
				4B8F57B01DDD6B510003520D /* Deck.cpp in Sources */,
				4B8F57B61DDD6B700003520D /* CPU.cpp in Sources */,
				4B894BB41DF0FF2A00FF447D /* Blackjack.cpp in Sources */,
				4B894BB11DF0FF1A00FF447D /* Game.cpp in Sources */,
				4B901BD31DDBC92200A3500C /* main.cpp in Sources */,
				4B894BB71DF0FF4E00FF447D /* TexasHoldEm.cpp in Sources */,
				4B8F57AD1DDD6B240003520D /* Card.cpp in Sources */,
			);
			runOnlyForDeploymentPostprocessing = 0;
		};
/* End PBXSourcesBuildPhase section */

/* Begin XCBuildConfiguration section */
		4B901BD41DDBC92200A3500C /* Debug */ = {
			isa = XCBuildConfiguration;
			buildSettings = {
				ALWAYS_SEARCH_USER_PATHS = NO;
				CLANG_ANALYZER_NONNULL = YES;
				CLANG_CXX_LANGUAGE_STANDARD = "gnu++0x";
				CLANG_CXX_LIBRARY = "libc++";
				CLANG_ENABLE_MODULES = YES;
				CLANG_ENABLE_OBJC_ARC = YES;
				CLANG_WARN_BOOL_CONVERSION = YES;
				CLANG_WARN_CONSTANT_CONVERSION = YES;
				CLANG_WARN_DIRECT_OBJC_ISA_USAGE = YES_ERROR;
				CLANG_WARN_DOCUMENTATION_COMMENTS = YES;
				CLANG_WARN_EMPTY_BODY = YES;
				CLANG_WARN_ENUM_CONVERSION = YES;
				CLANG_WARN_INFINITE_RECURSION = YES;
				CLANG_WARN_INT_CONVERSION = YES;
				CLANG_WARN_OBJC_ROOT_CLASS = YES_ERROR;
				CLANG_WARN_SUSPICIOUS_MOVES = YES;
				CLANG_WARN_UNREACHABLE_CODE = YES;
				CLANG_WARN__DUPLICATE_METHOD_MATCH = YES;
				CODE_SIGN_IDENTITY = "-";
				COPY_PHASE_STRIP = NO;
				DEBUG_INFORMATION_FORMAT = dwarf;
				ENABLE_STRICT_OBJC_MSGSEND = YES;
				ENABLE_TESTABILITY = YES;
				GCC_C_LANGUAGE_STANDARD = gnu99;
				GCC_DYNAMIC_NO_PIC = NO;
				GCC_NO_COMMON_BLOCKS = YES;
				GCC_OPTIMIZATION_LEVEL = 0;
				GCC_PREPROCESSOR_DEFINITIONS = (
					"DEBUG=1",
					"$(inherited)",
				);
				GCC_WARN_64_TO_32_BIT_CONVERSION = YES;
				GCC_WARN_ABOUT_RETURN_TYPE = YES_ERROR;
				GCC_WARN_UNDECLARED_SELECTOR = YES;
				GCC_WARN_UNINITIALIZED_AUTOS = YES_AGGRESSIVE;
				GCC_WARN_UNUSED_FUNCTION = YES;
				GCC_WARN_UNUSED_VARIABLE = YES;
				MACOSX_DEPLOYMENT_TARGET = 10.10;
				MTL_ENABLE_DEBUG_INFO = YES;
				ONLY_ACTIVE_ARCH = YES;
				SDKROOT = macosx10.11;
			};
			name = Debug;
		};
		4B901BD51DDBC92200A3500C /* Release */ = {
			isa = XCBuildConfiguration;
			buildSettings = {
				ALWAYS_SEARCH_USER_PATHS = NO;
				CLANG_ANALYZER_NONNULL = YES;
				CLANG_CXX_LANGUAGE_STANDARD = "gnu++0x";
				CLANG_CXX_LIBRARY = "libc++";
				CLANG_ENABLE_MODULES = YES;
				CLANG_ENABLE_OBJC_ARC = YES;
				CLANG_WARN_BOOL_CONVERSION = YES;
				CLANG_WARN_CONSTANT_CONVERSION = YES;
				CLANG_WARN_DIRECT_OBJC_ISA_USAGE = YES_ERROR;
				CLANG_WARN_DOCUMENTATION_COMMENTS = YES;
				CLANG_WARN_EMPTY_BODY = YES;
				CLANG_WARN_ENUM_CONVERSION = YES;
				CLANG_WARN_INFINITE_RECURSION = YES;
				CLANG_WARN_INT_CONVERSION = YES;
				CLANG_WARN_OBJC_ROOT_CLASS = YES_ERROR;
				CLANG_WARN_SUSPICIOUS_MOVES = YES;
				CLANG_WARN_UNREACHABLE_CODE = YES;
				CLANG_WARN__DUPLICATE_METHOD_MATCH = YES;
				CODE_SIGN_IDENTITY = "-";
				COPY_PHASE_STRIP = NO;
				DEBUG_INFORMATION_FORMAT = "dwarf-with-dsym";
				ENABLE_NS_ASSERTIONS = NO;
				ENABLE_STRICT_OBJC_MSGSEND = YES;
				GCC_C_LANGUAGE_STANDARD = gnu99;
				GCC_NO_COMMON_BLOCKS = YES;
				GCC_WARN_64_TO_32_BIT_CONVERSION = YES;
				GCC_WARN_ABOUT_RETURN_TYPE = YES_ERROR;
				GCC_WARN_UNDECLARED_SELECTOR = YES;
				GCC_WARN_UNINITIALIZED_AUTOS = YES_AGGRESSIVE;
				GCC_WARN_UNUSED_FUNCTION = YES;
				GCC_WARN_UNUSED_VARIABLE = YES;
				MACOSX_DEPLOYMENT_TARGET = 10.10;
				MTL_ENABLE_DEBUG_INFO = NO;
				SDKROOT = macosx10.11;
			};
			name = Release;
		};
		4B901BD71DDBC92200A3500C /* Debug */ = {
			isa = XCBuildConfiguration;
			buildSettings = {
				PRODUCT_NAME = "$(TARGET_NAME)";
				SDKROOT = macosx;
			};
			name = Debug;
		};
		4B901BD81DDBC92200A3500C /* Release */ = {
			isa = XCBuildConfiguration;
			buildSettings = {
				PRODUCT_NAME = "$(TARGET_NAME)";
				SDKROOT = macosx;
			};
			name = Release;
		};
/* End XCBuildConfiguration section */

/* Begin XCConfigurationList section */
		4B901BCA1DDBC92100A3500C /* Build configuration list for PBXProject "Final Project" */ = {
			isa = XCConfigurationList;
			buildConfigurations = (
				4B901BD41DDBC92200A3500C /* Debug */,
				4B901BD51DDBC92200A3500C /* Release */,
			);
			defaultConfigurationIsVisible = 0;
			defaultConfigurationName = Release;
		};
		4B901BD61DDBC92200A3500C /* Build configuration list for PBXNativeTarget "Final Project" */ = {
			isa = XCConfigurationList;
			buildConfigurations = (
				4B901BD71DDBC92200A3500C /* Debug */,
				4B901BD81DDBC92200A3500C /* Release */,
			);
			defaultConfigurationIsVisible = 0;
			defaultConfigurationName = Release;
		};
/* End XCConfigurationList section */
	};
	rootObject = 4B901BC71DDBC92100A3500C /* Project object */;
}
